
Microsoft Visual Studio Solution File, Format Version 12.00
# Visual Studio 15
VisualStudioVersion = 15.0.27428.2043
MinimumVisualStudioVersion = 10.0.40219.1
Project("{FAE04EC0-301F-11D3-BF4B-00C04F79EFBC}") = "APIs", "APIs\APIs.csproj", "{D19AAF75-1F8F-49B4-9878-08D47CF86FE2}"
EndProject
Project("{FAE04EC0-301F-11D3-BF4B-00C04F79EFBC}") = "Site", "Site\Site.csproj", "{38D77677-4D7C-4EEA-B316-81342D78CA76}"
EndProject
Global
	GlobalSection(SolutionConfigurationPlatforms) = preSolution
		Debug|Any CPU = Debug|Any CPU
		Release|Any CPU = Release|Any CPU
	EndGlobalSection
	GlobalSection(ProjectConfigurationPlatforms) = postSolution
		{D19AAF75-1F8F-49B4-9878-08D47CF86FE2}.Debug|Any CPU.ActiveCfg = Debug|Any CPU
		{D19AAF75-1F8F-49B4-9878-08D47CF86FE2}.Debug|Any CPU.Build.0 = Debug|Any CPU
		{D19AAF75-1F8F-49B4-9878-08D47CF86FE2}.Release|Any CPU.ActiveCfg = Release|Any CPU
		{D19AAF75-1F8F-49B4-9878-08D47CF86FE2}.Release|Any CPU.Build.0 = Release|Any CPU
		{38D77677-4D7C-4EEA-B316-81342D78CA76}.Debug|Any CPU.ActiveCfg = Debug|Any CPU
		{38D77677-4D7C-4EEA-B316-81342D78CA76}.Debug|Any CPU.Build.0 = Debug|Any CPU
		{38D77677-4D7C-4EEA-B316-81342D78CA76}.Release|Any CPU.ActiveCfg = Release|Any CPU
		{38D77677-4D7C-4EEA-B316-81342D78CA76}.Release|Any CPU.Build.0 = Release|Any CPU
	EndGlobalSection
	GlobalSection(SolutionProperties) = preSolution
		HideSolutionNode = FALSE
	EndGlobalSection
	GlobalSection(ExtensibilityGlobals) = postSolution
		SolutionGuid = {B866C814-3BC9-42BD-B9DA-B0D17100C18E}
	EndGlobalSection
EndGlobal
